# This file is automatically @generated by Cargo.
# It is not intended for manual editing.
version = 4

[[package]]
name = "unlaxer-codegen"
version = "0.1.0"

[[package]]
name = "unlaxer-evolution-example"
version = "0.1.0"
dependencies = [
 "unlaxer-runtime",
]

[[package]]
name = "unlaxer-generator"
version = "0.1.0"
dependencies = [
 "unlaxer-codegen",
 "unlaxer-ubnf",
]

[[package]]
name = "unlaxer-runtime"
version = "0.1.0"

[[package]]
name = "unlaxer-ubnf"
version = "0.1.0"
